attrs==25.3.0 \
    --hash=sha256:427318ce031701fea540783410126f03899a97ffc6f61596ad581ac2e40e3bc3 \
    --hash=sha256:75d7cefc7fb576747b2c81b4442d4d4a1ce0900973527c011d1030fd3bf4af1b
    # via
    #   cattrs
    #   jsii
aws-cdk-asset-awscli-v1==2.2.228 \
    --hash=sha256:65def76adc852eb9fdab16ebe1b9193ce9892546fdb13ab0d0c3211c220887cc \
    --hash=sha256:a79a76948a32e672c5f0743384c5abea14ee8b802b4a080f63a1f310fd7d5861
    # via aws-cdk-lib
aws-cdk-asset-node-proxy-agent-v6==2.1.0 \
    --hash=sha256:1f292c0631f86708ba4ee328b3a2b229f7e46ea1c79fbde567ee9eb119c2b0e2 \
    --hash=sha256:24a388b69a44d03bae6dbf864c4e25ba650d4b61c008b4568b94ffbb9a69e40e
    # via aws-cdk-lib
aws-cdk-cloud-assembly-schema==40.7.0 \
    --hash=sha256:8269a74cce261e56750290a2492f04d0e6825913d321a8ab17ba3b5f872fc193 \
    --hash=sha256:a86de4f46a72f9445f0a0ae646c348702041047c72d10b76e3b4c8dc5e460ee1
    # via aws-cdk-lib
aws-cdk-lib==2.184.1 \
    --hash=sha256:2ab33a9bc8a42a425ae9e9214dd92e5e5d1885e210b4bfe16679498b1ea27b2e \
    --hash=sha256:dc57edaf8ceb21f68c6ebee214194f7b9d4ef013d27b9bfe93e35d71b965b013
    # via -r ./requirements/dev.txt
aws-xray-sdk==2.14.0 \
    --hash=sha256:aab843c331af9ab9ba5cefb3a303832a19db186140894a523edafc024cc0493c \
    --hash=sha256:cfbe6feea3d26613a2a869d14c9246a844285c97087ad8f296f901633554ad94
    # via -r ./requirements/dev.txt
basilico==0.1.0 \
    --hash=sha256:17d7622b276718c390003a844fcfb4a646835d066cd50ed815c79f133ceca3f5 \
    --hash=sha256:ce411ce9339a1f7c5384ef26c8d115507acce68022e31ea63e449284a4d42102
    # via -r ./requirements/dev.txt
boto3==1.37.14 \
    --hash=sha256:56b4d1e084dbca43d5fdd070f633a84de61a6ce592655b4d239d263d1a0097fc \
    --hash=sha256:cf2e5e6d56efd5850db8ce3d9094132e4759cf2d4b5fd8200d69456bf61a20f3
    # via -r ./requirements/dev.txt
boto3-stubs==1.37.14 \
    --hash=sha256:e9570809f034af9a758b11aed7a8f3bc781053863c4f5fd445bccda613aaaf17
    # via -r ./requirements/dev.txt
botocore==1.37.14 \
    --hash=sha256:709a1796f436f8e378e52170e58501c1f3b5f2d1308238cf1d6a3bdba2e32851 \
    --hash=sha256:b0adce3f0fb42b914eb05079f50cf368cb9cf9745fdd206bd91fe6ac67b29aca
    # via
    #   aws-xray-sdk
    #   boto3
    #   s3transfer
botocore-stubs==1.37.14 \
    --hash=sha256:02c64f36f5be8828cf0e9c7e954088e4e1c0beda2d0f5e0c5d3d5f09ab974a3c \
    --hash=sha256:2af28b15e379318a55f2e31cd43f4ccec87ec28ac6d19f3c692ee606bc9e82a3
    # via boto3-stubs
build==1.2.1 \
    --hash=sha256:526263f4870c26f26c433545579475377b2b7588b6f1eac76a001e873ae3e19d \
    --hash=sha256:75e10f767a433d9a86e50d83f418e83efc18ede923ee5ff7df93b6cb0306c5d4
    # via simplelens
cattrs==24.1.2 \
    --hash=sha256:67c7495b760168d931a10233f979b28dc04daf853b30752246f4f8471c6d68d0 \
    --hash=sha256:8028cfe1ff5382df59dd36474a86e02d817b06eaf8af84555441bac915d2ef85
    # via jsii
constructs==10.4.2 \
    --hash=sha256:1f0f59b004edebfde0f826340698b8c34611f57848139b7954904c61645f13c1 \
    --hash=sha256:ce54724360fffe10bab27d8a081844eb81f5ace7d7c62c84b719c49f164d5307
    # via
    #   -r ./requirements/dev.txt
    #   aws-cdk-lib
coverage==7.7.0 \
    --hash=sha256:056d3017ed67e7ddf266e6f57378ece543755a4c9231e997789ab3bd11392c94 \
    --hash=sha256:0ce8cf59e09d31a4915ff4c3b94c6514af4c84b22c4cc8ad7c3c546a86150a92 \
    --hash=sha256:104bf640f408f4e115b85110047c7f27377e1a8b7ba86f7db4fa47aa49dc9a8e \
    --hash=sha256:1393e5aa9441dafb0162c36c8506c648b89aea9565b31f6bfa351e66c11bcd82 \
    --hash=sha256:1586ad158523f4133499a4f322b230e2cfef9cc724820dbd58595a5a236186f4 \
    --hash=sha256:180e3fc68ee4dc5af8b33b6ca4e3bb8aa1abe25eedcb958ba5cff7123071af68 \
    --hash=sha256:1b336d06af14f8da5b1f391e8dec03634daf54dfcb4d1c4fb6d04c09d83cef90 \
    --hash=sha256:1c8fbce80b2b8bf135d105aa8f5b36eae0c57d702a1cc3ebdea2a6f03f6cdde5 \
    --hash=sha256:2d673e3add00048215c2cc507f1228a7523fd8bf34f279ac98334c9b07bd2656 \
    --hash=sha256:316f29cc3392fa3912493ee4c83afa4a0e2db04ff69600711f8c03997c39baaa \
    --hash=sha256:33c1394d8407e2771547583b66a85d07ed441ff8fae5a4adb4237ad39ece60db \
    --hash=sha256:37cbc7b0d93dfd133e33c7ec01123fbb90401dce174c3b6661d8d36fb1e30608 \
    --hash=sha256:39abcacd1ed54e2c33c54bdc488b310e8ef6705833f7148b6eb9a547199d375d \
    --hash=sha256:3ab7090f04b12dc6469882ce81244572779d3a4b67eea1c96fb9ecc8c607ef39 \
    --hash=sha256:3b0e6e54591ae0d7427def8a4d40fca99df6b899d10354bab73cd5609807261c \
    --hash=sha256:416e2a8845eaff288f97eaf76ab40367deafb9073ffc47bf2a583f26b05e5265 \
    --hash=sha256:4545485fef7a8a2d8f30e6f79ce719eb154aab7e44217eb444c1d38239af2072 \
    --hash=sha256:4c124025430249118d018dcedc8b7426f39373527c845093132196f2a483b6dd \
    --hash=sha256:4fbb7a0c3c21908520149d7751cf5b74eb9b38b54d62997b1e9b3ac19a8ee2fe \
    --hash=sha256:52fc89602cde411a4196c8c6894afb384f2125f34c031774f82a4f2608c59d7d \
    --hash=sha256:55143aa13c49491f5606f05b49ed88663446dce3a4d3c5d77baa4e36a16d3573 \
    --hash=sha256:57f3bd0d29bf2bd9325c0ff9cc532a175110c4bf8f412c05b2405fd35745266d \
    --hash=sha256:5b2f144444879363ea8834cd7b6869d79ac796cb8f864b0cfdde50296cd95816 \
    --hash=sha256:5efdeff5f353ed3352c04e6b318ab05c6ce9249c25ed3c2090c6e9cadda1e3b2 \
    --hash=sha256:60e6347d1ed882b1159ffea172cb8466ee46c665af4ca397edbf10ff53e9ffaf \
    --hash=sha256:693d921621a0c8043bfdc61f7d4df5ea6d22165fe8b807cac21eb80dd94e4bbd \
    --hash=sha256:708f0a1105ef2b11c79ed54ed31f17e6325ac936501fc373f24be3e6a578146a \
    --hash=sha256:70f0925c4e2bfc965369f417e7cc72538fd1ba91639cf1e4ef4b1a6b50439b3b \
    --hash=sha256:7789e700f33f2b133adae582c9f437523cd5db8de845774988a58c360fc88253 \
    --hash=sha256:7b6c96d69928a3a6767fab8dc1ce8a02cf0156836ccb1e820c7f45a423570d98 \
    --hash=sha256:7d2a65876274acf544703e943c010b60bd79404e3623a1e5d52b64a6e2728de5 \
    --hash=sha256:7f18d47641282664276977c604b5a261e51fefc2980f5271d547d706b06a837f \
    --hash=sha256:89078312f06237417adda7c021c33f80f7a6d2db8572a5f6c330d89b080061ce \
    --hash=sha256:8c938c6ae59be67ac19a7204e079efc94b38222cd7d0269f96e45e18cddeaa59 \
    --hash=sha256:8e336b56301774ace6be0017ff85c3566c556d938359b61b840796a0202f805c \
    --hash=sha256:a0a207c87a9f743c8072d059b4711f8d13c456eb42dac778a7d2e5d4f3c253a7 \
    --hash=sha256:a2454b12a3f12cc4698f3508912e6225ec63682e2ca5a96f80a2b93cef9e63f3 \
    --hash=sha256:a538a23119d1e2e2ce077e902d02ea3d8e0641786ef6e0faf11ce82324743944 \
    --hash=sha256:aa4dff57fc21a575672176d5ab0ef15a927199e775c5e8a3d75162ab2b0c7705 \
    --hash=sha256:ad0edaa97cb983d9f2ff48cadddc3e1fb09f24aa558abeb4dc9a0dbacd12cbb4 \
    --hash=sha256:ae8006772c6b0fa53c33747913473e064985dac4d65f77fd2fdc6474e7cd54e4 \
    --hash=sha256:b0fac2088ec4aaeb5468b814bd3ff5e5978364bfbce5e567c44c9e2854469f6c \
    --hash=sha256:b3e212a894d8ae07fde2ca8b43d666a6d49bbbddb10da0f6a74ca7bd31f20054 \
    --hash=sha256:b54a1ee4c6f1905a436cbaa04b26626d27925a41cbc3a337e2d3ff7038187f07 \
    --hash=sha256:b667b91f4f714b17af2a18e220015c941d1cf8b07c17f2160033dbe1e64149f0 \
    --hash=sha256:b8c36093aca722db73633cf2359026ed7782a239eb1c6db2abcff876012dc4cf \
    --hash=sha256:bb356e7ae7c2da13f404bf8f75be90f743c6df8d4607022e759f5d7d89fe83f8 \
    --hash=sha256:bce730d484038e97f27ea2dbe5d392ec5c2261f28c319a3bb266f6b213650135 \
    --hash=sha256:c075d167a6ec99b798c1fdf6e391a1d5a2d054caffe9593ba0f97e3df2c04f0e \
    --hash=sha256:c4e09534037933bf6eb31d804e72c52ec23219b32c1730f9152feabbd7499463 \
    --hash=sha256:c5f8a5364fc37b2f172c26a038bc7ec4885f429de4a05fc10fdcb53fb5834c5c \
    --hash=sha256:cb203c0afffaf1a8f5b9659a013f8f16a1b2cad3a80a8733ceedc968c0cf4c57 \
    --hash=sha256:cc41374d2f27d81d6558f8a24e5c114580ffefc197fd43eabd7058182f743322 \
    --hash=sha256:cd879d4646055a573775a1cec863d00c9ff8c55860f8b17f6d8eee9140c06166 \
    --hash=sha256:d013c07061751ae81861cae6ec3a4fe04e84781b11fd4b6b4201590234b25c7b \
    --hash=sha256:d8c7524779003d59948c51b4fcbf1ca4e27c26a7d75984f63488f3625c328b9b \
    --hash=sha256:d9710521f07f526de30ccdead67e6b236fe996d214e1a7fba8b36e2ba2cd8261 \
    --hash=sha256:e1ffde1d6bc2a92f9c9207d1ad808550873748ac2d4d923c815b866baa343b3f \
    --hash=sha256:e7f559c36d5cdc448ee13e7e56ed7b6b5d44a40a511d584d388a0f5d940977ba \
    --hash=sha256:f2a1e18a85bd066c7c556d85277a7adf4651f259b2579113844835ba1a74aafd \
    --hash=sha256:f32b165bf6dfea0846a9c9c38b7e1d68f313956d60a15cde5d1709fddcaf3bee \
    --hash=sha256:f5a2f71d6a91238e7628f23538c26aa464d390cbdedf12ee2a7a0fb92a24482a \
    --hash=sha256:f81fe93dc1b8e5673f33443c0786c14b77e36f1025973b85e07c70353e46882b
    # via pytest-cov
importlib-resources==6.5.2 \
    --hash=sha256:185f87adef5bcc288449d98fb4fba07cea78bc036455dd44c5fc4a2fe78fed2c \
    --hash=sha256:789cfdc3ed28c78b67a06acb8126751ced69a3d5f79c095a98298cd8a760ccec
    # via jsii
iniconfig==2.0.0 \
    --hash=sha256:2d91e135bf72d31a410b17c16da610a82cb55f6b0477d1a902134b24a455b8b3 \
    --hash=sha256:b6a85871a79d2e3b22d2d1b94ac2824226a63c6b741c88f7ae975f18b6778374
    # via pytest
invoke==2.2.0 \
    --hash=sha256:6ea924cc53d4f78e3d98bc436b08069a03077e6f85ad1ddaa8a116d7dad15820 \
    --hash=sha256:ee6cbb101af1a859c7fe84f2a264c059020b0cb7fe3535f9424300ab568f6bd5
    # via -r ./requirements/dev.txt
jmespath==1.0.1 \
    --hash=sha256:02e2e4cc71b5bcab88332eebf907519190dd9e6e82107fa7f83b1003a6252980 \
    --hash=sha256:90261b206d6defd58fdd5e85f478bf633a2901798906be2ad389150c5c60edbe
    # via
    #   boto3
    #   botocore
jsii==1.109.0 \
    --hash=sha256:100bb48c7f74b8e22b3182c5466db1c32565ddb681ed5e2bf556076a734d3f07 \
    --hash=sha256:85e0deca8089e2918776541e986d5abab90a66d4330eedfc14e8a060dd507bad
    # via
    #   aws-cdk-asset-awscli-v1
    #   aws-cdk-asset-node-proxy-agent-v6
    #   aws-cdk-cloud-assembly-schema
    #   aws-cdk-lib
    #   constructs
mypy==1.15.0 \
    --hash=sha256:1124a18bc11a6a62887e3e137f37f53fbae476dc36c185d549d4f837a2a6a14e \
    --hash=sha256:171a9ca9a40cd1843abeca0e405bc1940cd9b305eaeea2dda769ba096932bb22 \
    --hash=sha256:1905f494bfd7d85a23a88c5d97840888a7bd516545fc5aaedff0267e0bb54e2f \
    --hash=sha256:1fbb8da62dc352133d7d7ca90ed2fb0e9d42bb1a32724c287d3c76c58cbaa9c2 \
    --hash=sha256:2922d42e16d6de288022e5ca321cd0618b238cfc5570e0263e5ba0a77dbef56f \
    --hash=sha256:2e2c2e6d3593f6451b18588848e66260ff62ccca522dd231cd4dd59b0160668b \
    --hash=sha256:2ee2d57e01a7c35de00f4634ba1bbf015185b219e4dc5909e281016df43f5ee5 \
    --hash=sha256:2f2147ab812b75e5b5499b01ade1f4a81489a147c01585cda36019102538615f \
    --hash=sha256:404534629d51d3efea5c800ee7c42b72a6554d6c400e6a79eafe15d11341fd43 \
    --hash=sha256:5469affef548bd1895d86d3bf10ce2b44e33d86923c29e4d675b3e323437ea3e \
    --hash=sha256:5a95fb17c13e29d2d5195869262f8125dfdb5c134dc8d9a9d0aecf7525b10c2c \
    --hash=sha256:6983aae8b2f653e098edb77f893f7b6aca69f6cffb19b2cc7443f23cce5f4828 \
    --hash=sha256:712e962a6357634fef20412699a3655c610110e01cdaa6180acec7fc9f8513ba \
    --hash=sha256:8023ff13985661b50a5928fc7a5ca15f3d1affb41e5f0a9952cb68ef090b31ee \
    --hash=sha256:811aeccadfb730024c5d3e326b2fbe9249bb7413553f15499a4050f7c30e801d \
    --hash=sha256:8f8722560a14cde92fdb1e31597760dc35f9f5524cce17836c0d22841830fd5b \
    --hash=sha256:93faf3fdb04768d44bf28693293f3904bbb555d076b781ad2530214ee53e3445 \
    --hash=sha256:973500e0774b85d9689715feeffcc980193086551110fd678ebe1f4342fb7c5e \
    --hash=sha256:979e4e1a006511dacf628e36fadfecbcc0160a8af6ca7dad2f5025529e082c13 \
    --hash=sha256:98b7b9b9aedb65fe628c62a6dc57f6d5088ef2dfca37903a7d9ee374d03acca5 \
    --hash=sha256:aea39e0583d05124836ea645f412e88a5c7d0fd77a6d694b60d9b6b2d9f184fd \
    --hash=sha256:b9378e2c00146c44793c98b8d5a61039a048e31f429fb0eb546d93f4b000bedf \
    --hash=sha256:baefc32840a9f00babd83251560e0ae1573e2f9d1b067719479bfb0e987c6357 \
    --hash=sha256:be68172e9fd9ad8fb876c6389f16d1c1b5f100ffa779f77b1fb2176fcc9ab95b \
    --hash=sha256:c43a7682e24b4f576d93072216bf56eeff70d9140241f9edec0c104d0c515036 \
    --hash=sha256:c4bb0e1bd29f7d34efcccd71cf733580191e9a264a2202b0239da95984c5b559 \
    --hash=sha256:c7be1e46525adfa0d97681432ee9fcd61a3964c2446795714699a998d193f1a3 \
    --hash=sha256:c9817fa23833ff189db061e6d2eff49b2f3b6ed9856b4a0a73046e41932d744f \
    --hash=sha256:ce436f4c6d218a070048ed6a44c0bbb10cd2cc5e272b29e7845f6a2f57ee4464 \
    --hash=sha256:d10d994b41fb3497719bbf866f227b3489048ea4bbbb5015357db306249f7980 \
    --hash=sha256:e601a7fa172c2131bff456bb3ee08a88360760d0d2f8cbd7a75a65497e2df078 \
    --hash=sha256:f95579473af29ab73a10bada2f9722856792a36ec5af5399b653aa28360290a5
    # via -r ./requirements/dev.txt
mypy-boto3-dynamodb==1.37.12 \
    --hash=sha256:0e4d7a16fb9dba7aab7ac9ba8ff3721f9696a8484b1eed693b7949164b7805ba \
    --hash=sha256:a4b2770ec1f8d6096b5e6d863800f3ff742c86a17dfa5e6b012ed7f7ccd28921
    # via boto3-stubs
mypy-extensions==1.0.0 \
    --hash=sha256:4392f6c0eb8a5668a69e23d168ffa70f0be9ccfd32b5cc2d26a34ae5b844552d \
    --hash=sha256:75dbf8955dc00442a438fc4d0666508a9a97b6bd41aa2f0ffe9d2f2725af0782
    # via mypy
packaging==24.2 \
    --hash=sha256:09abb1bccd265c01f4a3aa3f7a7db064b36514d2cba19a2f694fe6150451a759 \
    --hash=sha256:c228a6dc5e932d346bc5739379109d49e8853dd8223571c7c5b55260edc0b97f
    # via
    #   build
    #   pytest
pluggy==1.5.0 \
    --hash=sha256:2cffa88e94fdc978c4c574f15f9e59b7f4201d439195c3715ca9e2486f1d0cf1 \
    --hash=sha256:44e1ad92c8ca002de6377e165f3e0f1be63266ab4d554740532335b9d75ea669
    # via pytest
publication==0.0.3 \
    --hash=sha256:0248885351febc11d8a1098d5c8e3ab2dabcf3e8c0c96db1e17ecd12b53afbe6 \
    --hash=sha256:68416a0de76dddcdd2930d1c8ef853a743cc96c82416c4e4d3b5d901c6276dc4
    # via
    #   aws-cdk-asset-awscli-v1
    #   aws-cdk-asset-node-proxy-agent-v6
    #   aws-cdk-cloud-assembly-schema
    #   aws-cdk-lib
    #   constructs
    #   jsii
pyproject-hooks==1.2.0 \
    --hash=sha256:1e859bd5c40fae9448642dd871adf459e5e2084186e8d2c2a79a824c970da1f8 \
    --hash=sha256:9e5c6bfa8dcc30091c74b0cf803c81fdd29d94f01992a7707bc97babb1141913
    # via build
pytest==8.3.5 \
    --hash=sha256:c69214aa47deac29fad6c2a4f590b9c4a9fdb16a403176fe154b79c0b4d4d820 \
    --hash=sha256:f4efe70cc14e511565ac476b57c279e12a855b11f48f212af1080ef2263d3845
    # via
    #   -r ./requirements/dev.txt
    #   pytest-cov
    #   pytest-mock
pytest-cov==6.0.0 \
    --hash=sha256:eee6f1b9e61008bd34975a4d5bab25801eb31898b032dd55addc93e96fcaaa35 \
    --hash=sha256:fde0b595ca248bb8e2d76f020b465f3b107c9632e6a1d1705f17834c89dcadc0
    # via -r ./requirements/dev.txt
pytest-mock==3.14.0 \
    --hash=sha256:0b72c38033392a5f4621342fe11e9219ac11ec9d375f8e2a0c164539e0d70f6f \
    --hash=sha256:2719255a1efeceadbc056d6bf3df3d1c5015530fb40cf347c0f9afac88410bd0
    # via -r ./requirements/dev.txt
python-dateutil==2.9.0.post0 \
    --hash=sha256:37dd54208da7e1cd875388217d5e00ebd4179249f90fb72437e91a35459a0ad3 \
    --hash=sha256:a8b2bc7bffae282281c8140a97d3aa9c14da0b136dfe83f850eea9a5f7470427
    # via
    #   botocore
    #   jsii
ruff==0.11.0 \
    --hash=sha256:049a191969a10897fe052ef9cc7491b3ef6de79acd7790af7d7897b7a9bfbcb6 \
    --hash=sha256:1bc09a7419e09662983b1312f6fa5dab829d6ab5d11f18c3760be7ca521c9329 \
    --hash=sha256:3191e9116b6b5bbe187447656f0c8526f0d36b6fd89ad78ccaad6bdc2fad7df2 \
    --hash=sha256:38c23fd9bdec4eb437b4c1e3595905a0a8edfccd63a790f818b28c78fe345639 \
    --hash=sha256:3c3156d3f4b42e57247275a0a7e15a851c165a4fc89c5e8fa30ea6da4f7407b8 \
    --hash=sha256:490b1e147c1260545f6d041c4092483e3f6d8eba81dc2875eaebcf9140b53905 \
    --hash=sha256:6fbb2aed66fe742a6a3a0075ed467a459b7cedc5ae01008340075909d819df1e \
    --hash=sha256:7c8661b0be91a38bd56db593e9331beaf9064a79028adee2d5f392674bbc5e88 \
    --hash=sha256:868364fc23f5aa122b00c6f794211e85f7e78f5dffdf7c590ab90b8c4e69b657 \
    --hash=sha256:92c0c1ff014351c0b0cdfdb1e35fa83b780f1e065667167bb9502d47ca41e6db \
    --hash=sha256:96bc89a5c5fd21a04939773f9e0e276308be0935de06845110f43fd5c2e4ead7 \
    --hash=sha256:a9352b9d767889ec5df1483f94870564e8102d4d7e99da52ebf564b882cdc2c7 \
    --hash=sha256:b6c0e8d3d2db7e9f6efd884f44b8dc542d5b6b590fc4bb334fdbc624d93a29a2 \
    --hash=sha256:bcfa478daf61ac8002214eb2ca5f3e9365048506a9d52b11bea3ecea822bb844 \
    --hash=sha256:c58bfa00e740ca0a6c43d41fb004cd22d165302f360aaa56f7126d544db31a21 \
    --hash=sha256:dc67e32bc3b29557513eb7eeabb23efdb25753684b913bebb8a0c62495095acb \
    --hash=sha256:e4fd5ff5de5f83e0458a138e8a869c7c5e907541aec32b707f57cf9a5e124445 \
    --hash=sha256:e55c620690a4a7ee6f1cccb256ec2157dc597d109400ae75bbf944fc9d6462e2
    # via -r ./requirements/dev.txt
s3transfer==0.11.4 \
    --hash=sha256:559f161658e1cf0a911f45940552c696735f5c74e64362e515f333ebed87d679 \
    --hash=sha256:ac265fa68318763a03bf2dc4f39d5cbd6a9e178d81cc9483ad27da33637e320d
    # via boto3
simplelens==1.1.7 \
    --hash=sha256:01b7d9d85c75fbe25751918147fcff5635512fb049d6acc6600403023ad5fd2f \
    --hash=sha256:57fe68fe96e78dc780329ede1ce567207f762b6096e9066d11422ecafbeab751
    # via -r ./requirements/dev.txt
six==1.17.0 \
    --hash=sha256:4721f391ed90541fddacab5acf947aa0d3dc7d27b2e1e8eda2be8970586c3274 \
    --hash=sha256:ff70335d468e7eb6ec65b95b99d3a2836546063f63acc5171de367e834932a81
    # via python-dateutil
typeguard==2.13.3 \
    --hash=sha256:00edaa8da3a133674796cf5ea87d9f4b4c367d77476e185e80251cc13dfbb8c4 \
    --hash=sha256:5e3e3be01e887e7eafae5af63d1f36c849aaa94e3a0112097312aabfa16284f1
    # via
    #   aws-cdk-asset-awscli-v1
    #   aws-cdk-asset-node-proxy-agent-v6
    #   aws-cdk-cloud-assembly-schema
    #   aws-cdk-lib
    #   constructs
    #   jsii
types-awscrt==0.24.2 \
    --hash=sha256:345ab84a4f75b26bfb816b249657855824a4f2d1ce5b58268c549f81fce6eccc \
    --hash=sha256:5826baf69ad5d29c76be49fc7df00222281fa31b14f99e9fb4492d71ec98fea5
    # via botocore-stubs
types-s3transfer==0.11.4 \
    --hash=sha256:05fde593c84270f19fd053f0b1e08f5a057d7c5f036b9884e68fb8cd3041ac30 \
    --hash=sha256:2a76d92c07d4a3cb469e5343b2e7560e0b8078b2e03696a65407b8c44c861b61
    # via boto3-stubs
typing-extensions==4.12.2 \
    --hash=sha256:04e5ca0351e0f3f85c6853954072df659d0d13fac324d0072316b67d7794700d \
    --hash=sha256:1a7ead55c7e559dd4dee8856e3a88b41225abfe1ce8df57b7c13915fe121ffb8
    # via
    #   jsii
    #   mypy
urllib3==2.3.0 \
    --hash=sha256:1cee9ad369867bfdbbb48b7dd50374c0967a0bb7710050facf0dd6911440e3df \
    --hash=sha256:f8c5449b3cf0861679ce7e0503c7b44b5ec981bec0d1d3795a07f1ba96f0204d
    # via botocore
wrapt==1.17.2 \
    --hash=sha256:08e7ce672e35efa54c5024936e559469436f8b8096253404faeb54d2a878416f \
    --hash=sha256:0a6e821770cf99cc586d33833b2ff32faebdbe886bd6322395606cf55153246c \
    --hash=sha256:0b929ac182f5ace000d459c59c2c9c33047e20e935f8e39371fa6e3b85d56f4a \
    --hash=sha256:129a150f5c445165ff941fc02ee27df65940fcb8a22a61828b1853c98763a64b \
    --hash=sha256:13e6afb7fe71fe7485a4550a8844cc9ffbe263c0f1a1eea569bc7091d4898555 \
    --hash=sha256:1473400e5b2733e58b396a04eb7f35f541e1fb976d0c0724d0223dd607e0f74c \
    --hash=sha256:18983c537e04d11cf027fbb60a1e8dfd5190e2b60cc27bc0808e653e7b218d1b \
    --hash=sha256:1a7ed2d9d039bd41e889f6fb9364554052ca21ce823580f6a07c4ec245c1f5d6 \
    --hash=sha256:1e1fe0e6ab7775fd842bc39e86f6dcfc4507ab0ffe206093e76d61cde37225c8 \
    --hash=sha256:1fb5699e4464afe5c7e65fa51d4f99e0b2eadcc176e4aa33600a3df7801d6662 \
    --hash=sha256:2696993ee1eebd20b8e4ee4356483c4cb696066ddc24bd70bcbb80fa56ff9061 \
    --hash=sha256:35621ae4c00e056adb0009f8e86e28eb4a41a4bfa8f9bfa9fca7d343fe94f998 \
    --hash=sha256:36ccae62f64235cf8ddb682073a60519426fdd4725524ae38874adf72b5f2aeb \
    --hash=sha256:3cedbfa9c940fdad3e6e941db7138e26ce8aad38ab5fe9dcfadfed9db7a54e62 \
    --hash=sha256:3d57c572081fed831ad2d26fd430d565b76aa277ed1d30ff4d40670b1c0dd984 \
    --hash=sha256:3fc7cb4c1c744f8c05cd5f9438a3caa6ab94ce8344e952d7c45a8ed59dd88392 \
    --hash=sha256:4011d137b9955791f9084749cba9a367c68d50ab8d11d64c50ba1688c9b457f2 \
    --hash=sha256:40d615e4fe22f4ad3528448c193b218e077656ca9ccb22ce2cb20db730f8d306 \
    --hash=sha256:410a92fefd2e0e10d26210e1dfb4a876ddaf8439ef60d6434f21ef8d87efc5b7 \
    --hash=sha256:41388e9d4d1522446fe79d3213196bd9e3b301a336965b9e27ca2788ebd122f3 \
    --hash=sha256:468090021f391fe0056ad3e807e3d9034e0fd01adcd3bdfba977b6fdf4213ea9 \
    --hash=sha256:49703ce2ddc220df165bd2962f8e03b84c89fee2d65e1c24a7defff6f988f4d6 \
    --hash=sha256:4a721d3c943dae44f8e243b380cb645a709ba5bd35d3ad27bc2ed947e9c68192 \
    --hash=sha256:4afd5814270fdf6380616b321fd31435a462019d834f83c8611a0ce7484c7317 \
    --hash=sha256:4c82b8785d98cdd9fed4cac84d765d234ed3251bd6afe34cb7ac523cb93e8b4f \
    --hash=sha256:4db983e7bca53819efdbd64590ee96c9213894272c776966ca6306b73e4affda \
    --hash=sha256:582530701bff1dec6779efa00c516496968edd851fba224fbd86e46cc6b73563 \
    --hash=sha256:58455b79ec2661c3600e65c0a716955adc2410f7383755d537584b0de41b1d8a \
    --hash=sha256:58705da316756681ad3c9c73fd15499aa4d8c69f9fd38dc8a35e06c12468582f \
    --hash=sha256:5bb1d0dbf99411f3d871deb6faa9aabb9d4e744d67dcaaa05399af89d847a91d \
    --hash=sha256:5c803c401ea1c1c18de70a06a6f79fcc9c5acfc79133e9869e730ad7f8ad8ef9 \
    --hash=sha256:5cbabee4f083b6b4cd282f5b817a867cf0b1028c54d445b7ec7cfe6505057cf8 \
    --hash=sha256:612dff5db80beef9e649c6d803a8d50c409082f1fedc9dbcdfde2983b2025b82 \
    --hash=sha256:62c2caa1585c82b3f7a7ab56afef7b3602021d6da34fbc1cf234ff139fed3cd9 \
    --hash=sha256:69606d7bb691b50a4240ce6b22ebb319c1cfb164e5f6569835058196e0f3a845 \
    --hash=sha256:6d9187b01bebc3875bac9b087948a2bccefe464a7d8f627cf6e48b1bbae30f82 \
    --hash=sha256:6ed6ffac43aecfe6d86ec5b74b06a5be33d5bb9243d055141e8cabb12aa08125 \
    --hash=sha256:703919b1633412ab54bcf920ab388735832fdcb9f9a00ae49387f0fe67dad504 \
    --hash=sha256:766d8bbefcb9e00c3ac3b000d9acc51f1b399513f44d77dfe0eb026ad7c9a19b \
    --hash=sha256:80dd7db6a7cb57ffbc279c4394246414ec99537ae81ffd702443335a61dbf3a7 \
    --hash=sha256:8112e52c5822fc4253f3901b676c55ddf288614dc7011634e2719718eaa187dc \
    --hash=sha256:8c8b293cd65ad716d13d8dd3624e42e5a19cc2a2f1acc74b30c2c13f15cb61a6 \
    --hash=sha256:8fdbdb757d5390f7c675e558fd3186d590973244fab0c5fe63d373ade3e99d40 \
    --hash=sha256:91bd7d1773e64019f9288b7a5101f3ae50d3d8e6b1de7edee9c2ccc1d32f0c0a \
    --hash=sha256:95c658736ec15602da0ed73f312d410117723914a5c91a14ee4cdd72f1d790b3 \
    --hash=sha256:99039fa9e6306880572915728d7f6c24a86ec57b0a83f6b2491e1d8ab0235b9a \
    --hash=sha256:9a2bce789a5ea90e51a02dfcc39e31b7f1e662bc3317979aa7e5538e3a034f72 \
    --hash=sha256:9a7d15bbd2bc99e92e39f49a04653062ee6085c0e18b3b7512a4f2fe91f2d681 \
    --hash=sha256:9abc77a4ce4c6f2a3168ff34b1da9b0f311a8f1cfd694ec96b0603dff1c79438 \
    --hash=sha256:9e8659775f1adf02eb1e6f109751268e493c73716ca5761f8acb695e52a756ae \
    --hash=sha256:9fee687dce376205d9a494e9c121e27183b2a3df18037f89d69bd7b35bcf59e2 \
    --hash=sha256:a5aaeff38654462bc4b09023918b7f21790efb807f54c000a39d41d69cf552cb \
    --hash=sha256:a604bf7a053f8362d27eb9fefd2097f82600b856d5abe996d623babd067b1ab5 \
    --hash=sha256:abbb9e76177c35d4e8568e58650aa6926040d6a9f6f03435b7a522bf1c487f9a \
    --hash=sha256:acc130bc0375999da18e3d19e5a86403667ac0c4042a094fefb7eec8ebac7cf3 \
    --hash=sha256:b18f2d1533a71f069c7f82d524a52599053d4c7166e9dd374ae2136b7f40f7c8 \
    --hash=sha256:b4e42a40a5e164cbfdb7b386c966a588b1047558a990981ace551ed7e12ca9c2 \
    --hash=sha256:b5e251054542ae57ac7f3fba5d10bfff615b6c2fb09abeb37d2f1463f841ae22 \
    --hash=sha256:b60fb58b90c6d63779cb0c0c54eeb38941bae3ecf7a73c764c52c88c2dcb9d72 \
    --hash=sha256:b870b5df5b71d8c3359d21be8f0d6c485fa0ebdb6477dda51a1ea54a9b558061 \
    --hash=sha256:ba0f0eb61ef00ea10e00eb53a9129501f52385c44853dbd6c4ad3f403603083f \
    --hash=sha256:bb87745b2e6dc56361bfde481d5a378dc314b252a98d7dd19a651a3fa58f24a9 \
    --hash=sha256:bb90fb8bda722a1b9d48ac1e6c38f923ea757b3baf8ebd0c82e09c5c1a0e7a04 \
    --hash=sha256:bc570b5f14a79734437cb7b0500376b6b791153314986074486e0b0fa8d71d98 \
    --hash=sha256:c86563182421896d73858e08e1db93afdd2b947a70064b813d515d66549e15f9 \
    --hash=sha256:c958bcfd59bacc2d0249dcfe575e71da54f9dcf4a8bdf89c4cb9a68a1170d73f \
    --hash=sha256:d18a4865f46b8579d44e4fe1e2bcbc6472ad83d98e22a26c963d46e4c125ef0b \
    --hash=sha256:d5e2439eecc762cd85e7bd37161d4714aa03a33c5ba884e26c81559817ca0925 \
    --hash=sha256:e3890b508a23299083e065f435a492b5435eba6e304a7114d2f919d400888cc6 \
    --hash=sha256:e496a8ce2c256da1eb98bd15803a79bee00fc351f5dfb9ea82594a3f058309e0 \
    --hash=sha256:e8b2816ebef96d83657b56306152a93909a83f23994f4b30ad4573b00bd11bb9 \
    --hash=sha256:eaf675418ed6b3b31c7a989fd007fa7c3be66ce14e5c3b27336383604c9da85c \
    --hash=sha256:ec89ed91f2fa8e3f52ae53cd3cf640d6feff92ba90d62236a81e4e563ac0e991 \
    --hash=sha256:ecc840861360ba9d176d413a5489b9a0aff6d6303d7e733e2c4623cfa26904a6 \
    --hash=sha256:f09b286faeff3c750a879d336fb6d8713206fc97af3adc14def0cdd349df6000 \
    --hash=sha256:f393cda562f79828f38a819f4788641ac7c4085f30f1ce1a68672baa686482bb \
    --hash=sha256:f917c1180fdb8623c2b75a99192f4025e412597c50b2ac870f156de8fb101119 \
    --hash=sha256:fc78a84e2dfbc27afe4b2bd7c80c8db9bca75cc5b85df52bfe634596a1da846b \
    --hash=sha256:ff04ef6eec3eee8a5efef2401495967a916feaa353643defcc03fc74fe213b58
    # via aws-xray-sdk
